
Microsoft Visual Studio Solution File, Format Version 12.00
# Visual Studio Version 16
VisualStudioVersion = 16.0.31410.357
MinimumVisualStudioVersion = 10.0.40219.1
Project("{FAE04EC0-301F-11D3-BF4B-00C04F79EFBC}") = "ByteBank.SistemaAgencia", "ByteBank.SistemaAgencia.csproj", "{6ECDDB9C-172A-4D0B-8830-F5DDEFDF298D}"
EndProject
Project("{FAE04EC0-301F-11D3-BF4B-00C04F79EFBC}") = "ByteBank.Modelos", "..\ByteBank.Modelos\ByteBank.Modelos.csproj", "{E70A6C60-A40D-4905-A181-C705403EB7F7}"
EndProject
Global
	GlobalSection(SolutionConfigurationPlatforms) = preSolution
		Debug|Any CPU = Debug|Any CPU
		Release|Any CPU = Release|Any CPU
	EndGlobalSection
	GlobalSection(ProjectConfigurationPlatforms) = postSolution
		{6ECDDB9C-172A-4D0B-8830-F5DDEFDF298D}.Debug|Any CPU.ActiveCfg = Debug|Any CPU
		{6ECDDB9C-172A-4D0B-8830-F5DDEFDF298D}.Debug|Any CPU.Build.0 = Debug|Any CPU
		{6ECDDB9C-172A-4D0B-8830-F5DDEFDF298D}.Release|Any CPU.ActiveCfg = Release|Any CPU
		{6ECDDB9C-172A-4D0B-8830-F5DDEFDF298D}.Release|Any CPU.Build.0 = Release|Any CPU
		{E70A6C60-A40D-4905-A181-C705403EB7F7}.Debug|Any CPU.ActiveCfg = Debug|Any CPU
		{E70A6C60-A40D-4905-A181-C705403EB7F7}.Debug|Any CPU.Build.0 = Debug|Any CPU
		{E70A6C60-A40D-4905-A181-C705403EB7F7}.Release|Any CPU.ActiveCfg = Release|Any CPU
		{E70A6C60-A40D-4905-A181-C705403EB7F7}.Release|Any CPU.Build.0 = Release|Any CPU
	EndGlobalSection
	GlobalSection(SolutionProperties) = preSolution
		HideSolutionNode = FALSE
	EndGlobalSection
	GlobalSection(ExtensibilityGlobals) = postSolution
		SolutionGuid = {AFF5091A-3877-4811-9060-48A165AE9291}
	EndGlobalSection
EndGlobal
