
Microsoft Visual Studio Solution File, Format Version 12.00
# Visual Studio Version 16
VisualStudioVersion = 16.0.31205.134
MinimumVisualStudioVersion = 10.0.40219.1
Project("{9A19103F-16F7-4668-BE54-9A1E7A4F7556}") = "BBank", "BBank.csproj", "{64D565F7-9840-42B9-BE05-82618D73806E}"
EndProject
Project("{FAE04EC0-301F-11D3-BF4B-00C04F79EFBC}") = "04-BBank", "..\04-BBank\04-BBank.csproj", "{FA82F6BC-7EA4-4B54-9CDB-0EDA8A6133C9}"
EndProject
Project("{FAE04EC0-301F-11D3-BF4B-00C04F79EFBC}") = "05-BBank", "..\05-BBank\05-BBank.csproj", "{8B03BAFE-490E-4A74-82D4-A142E43B9580}"
EndProject
Project("{FAE04EC0-301F-11D3-BF4B-00C04F79EFBC}") = "06-BBank", "..\06-BBank\06-BBank.csproj", "{3DFED89C-E06C-4249-9A43-D248B9DBC413}"
EndProject
Project("{FAE04EC0-301F-11D3-BF4B-00C04F79EFBC}") = "07-BBank", "..\07-BBank\07-BBank.csproj", "{DBE95059-1365-4789-8CB7-8BE1D175E9CB}"
EndProject
Global
	GlobalSection(SolutionConfigurationPlatforms) = preSolution
		Debug|Any CPU = Debug|Any CPU
		Release|Any CPU = Release|Any CPU
	EndGlobalSection
	GlobalSection(ProjectConfigurationPlatforms) = postSolution
		{64D565F7-9840-42B9-BE05-82618D73806E}.Debug|Any CPU.ActiveCfg = Debug|Any CPU
		{64D565F7-9840-42B9-BE05-82618D73806E}.Debug|Any CPU.Build.0 = Debug|Any CPU
		{64D565F7-9840-42B9-BE05-82618D73806E}.Release|Any CPU.ActiveCfg = Release|Any CPU
		{64D565F7-9840-42B9-BE05-82618D73806E}.Release|Any CPU.Build.0 = Release|Any CPU
		{FA82F6BC-7EA4-4B54-9CDB-0EDA8A6133C9}.Debug|Any CPU.ActiveCfg = Debug|Any CPU
		{FA82F6BC-7EA4-4B54-9CDB-0EDA8A6133C9}.Debug|Any CPU.Build.0 = Debug|Any CPU
		{FA82F6BC-7EA4-4B54-9CDB-0EDA8A6133C9}.Release|Any CPU.ActiveCfg = Release|Any CPU
		{FA82F6BC-7EA4-4B54-9CDB-0EDA8A6133C9}.Release|Any CPU.Build.0 = Release|Any CPU
		{8B03BAFE-490E-4A74-82D4-A142E43B9580}.Debug|Any CPU.ActiveCfg = Debug|Any CPU
		{8B03BAFE-490E-4A74-82D4-A142E43B9580}.Debug|Any CPU.Build.0 = Debug|Any CPU
		{8B03BAFE-490E-4A74-82D4-A142E43B9580}.Release|Any CPU.ActiveCfg = Release|Any CPU
		{8B03BAFE-490E-4A74-82D4-A142E43B9580}.Release|Any CPU.Build.0 = Release|Any CPU
		{3DFED89C-E06C-4249-9A43-D248B9DBC413}.Debug|Any CPU.ActiveCfg = Debug|Any CPU
		{3DFED89C-E06C-4249-9A43-D248B9DBC413}.Debug|Any CPU.Build.0 = Debug|Any CPU
		{3DFED89C-E06C-4249-9A43-D248B9DBC413}.Release|Any CPU.ActiveCfg = Release|Any CPU
		{3DFED89C-E06C-4249-9A43-D248B9DBC413}.Release|Any CPU.Build.0 = Release|Any CPU
		{DBE95059-1365-4789-8CB7-8BE1D175E9CB}.Debug|Any CPU.ActiveCfg = Debug|Any CPU
		{DBE95059-1365-4789-8CB7-8BE1D175E9CB}.Debug|Any CPU.Build.0 = Debug|Any CPU
		{DBE95059-1365-4789-8CB7-8BE1D175E9CB}.Release|Any CPU.ActiveCfg = Release|Any CPU
		{DBE95059-1365-4789-8CB7-8BE1D175E9CB}.Release|Any CPU.Build.0 = Release|Any CPU
	EndGlobalSection
	GlobalSection(SolutionProperties) = preSolution
		HideSolutionNode = FALSE
	EndGlobalSection
	GlobalSection(ExtensibilityGlobals) = postSolution
		SolutionGuid = {7DD89910-755D-424D-8EE2-839D3D772C28}
	EndGlobalSection
EndGlobal
