
Microsoft Visual Studio Solution File, Format Version 12.00
Project("{FAE04EC0-301F-11D3-BF4B-00C04F79EFBC}") = "SistemaAgencia", "SistemaAgencia\SistemaAgencia.csproj", "{8693A01E-E0E7-4F00-A3E3-995A04E6162D}"
EndProject
Project("{FAE04EC0-301F-11D3-BF4B-00C04F79EFBC}") = "HandsOn", "HandsOn\HandsOn.csproj", "{C4BC4496-45F5-4C4B-9E54-D2BBC7898060}"
EndProject
Global
	GlobalSection(SolutionConfigurationPlatforms) = preSolution
		Debug|Any CPU = Debug|Any CPU
		Release|Any CPU = Release|Any CPU
	EndGlobalSection
	GlobalSection(ProjectConfigurationPlatforms) = postSolution
		{8693A01E-E0E7-4F00-A3E3-995A04E6162D}.Debug|Any CPU.ActiveCfg = Debug|Any CPU
		{8693A01E-E0E7-4F00-A3E3-995A04E6162D}.Debug|Any CPU.Build.0 = Debug|Any CPU
		{8693A01E-E0E7-4F00-A3E3-995A04E6162D}.Release|Any CPU.ActiveCfg = Release|Any CPU
		{8693A01E-E0E7-4F00-A3E3-995A04E6162D}.Release|Any CPU.Build.0 = Release|Any CPU
		{C4BC4496-45F5-4C4B-9E54-D2BBC7898060}.Debug|Any CPU.ActiveCfg = Debug|Any CPU
		{C4BC4496-45F5-4C4B-9E54-D2BBC7898060}.Debug|Any CPU.Build.0 = Debug|Any CPU
		{C4BC4496-45F5-4C4B-9E54-D2BBC7898060}.Release|Any CPU.ActiveCfg = Release|Any CPU
		{C4BC4496-45F5-4C4B-9E54-D2BBC7898060}.Release|Any CPU.Build.0 = Release|Any CPU
	EndGlobalSection
EndGlobal
